
Microsoft Visual Studio Solution File, Format Version 12.00
# Visual Studio Version 16
VisualStudioVersion = 16.0.29326.143
MinimumVisualStudioVersion = 10.0.40219.1
Project("{FAE04EC0-301F-11D3-BF4B-00C04F79EFBC}") = "Prometheus_CreateExcelFromCsv", "Prometheus_CreateExcelFromCsv\Prometheus_CreateExcelFromCsv.csproj", "{8A39C553-B478-4EF6-9DDF-2EAC47551686}"
EndProject
Global
	GlobalSection(SolutionConfigurationPlatforms) = preSolution
		Debug|Any CPU = Debug|Any CPU
		Release|Any CPU = Release|Any CPU
	EndGlobalSection
	GlobalSection(ProjectConfigurationPlatforms) = postSolution
		{8A39C553-B478-4EF6-9DDF-2EAC47551686}.Debug|Any CPU.ActiveCfg = Debug|Any CPU
		{8A39C553-B478-4EF6-9DDF-2EAC47551686}.Debug|Any CPU.Build.0 = Debug|Any CPU
		{8A39C553-B478-4EF6-9DDF-2EAC47551686}.Release|Any CPU.ActiveCfg = Release|Any CPU
		{8A39C553-B478-4EF6-9DDF-2EAC47551686}.Release|Any CPU.Build.0 = Release|Any CPU
	EndGlobalSection
	GlobalSection(SolutionProperties) = preSolution
		HideSolutionNode = FALSE
	EndGlobalSection
	GlobalSection(ExtensibilityGlobals) = postSolution
		SolutionGuid = {2F4BE811-2FF8-4655-A384-0D6D9E1175AB}
	EndGlobalSection
EndGlobal
